
Microsoft Visual Studio Solution File, Format Version 12.00
# Visual Studio Version 17
VisualStudioVersion = 17.12.35527.113
MinimumVisualStudioVersion = 10.0.40219.1
Project("{FAE04EC0-301F-11D3-BF4B-00C04F79EFBC}") = "competition", "competition.csproj", "{81256DE1-BE56-45C4-9559-CBD01C9535BC}"
EndProject
Project("{54435603-DBB4-11D2-8724-00A0C9A8B90C}") = "Manage", "..\Manage\Manage.vdproj", "{D1E0510F-7B33-4371-9619-8D65C64D2DF1}"
EndProject
Global
	GlobalSection(SolutionConfigurationPlatforms) = preSolution
		Debug|Any CPU = Debug|Any CPU
		Release|Any CPU = Release|Any CPU
	EndGlobalSection
	GlobalSection(ProjectConfigurationPlatforms) = postSolution
		{81256DE1-BE56-45C4-9559-CBD01C9535BC}.Debug|Any CPU.ActiveCfg = Debug|Any CPU
		{81256DE1-BE56-45C4-9559-CBD01C9535BC}.Debug|Any CPU.Build.0 = Debug|Any CPU
		{81256DE1-BE56-45C4-9559-CBD01C9535BC}.Release|Any CPU.ActiveCfg = Release|Any CPU
		{81256DE1-BE56-45C4-9559-CBD01C9535BC}.Release|Any CPU.Build.0 = Release|Any CPU
		{D1E0510F-7B33-4371-9619-8D65C64D2DF1}.Debug|Any CPU.ActiveCfg = Debug
		{D1E0510F-7B33-4371-9619-8D65C64D2DF1}.Release|Any CPU.ActiveCfg = Release
	EndGlobalSection
	GlobalSection(SolutionProperties) = preSolution
		HideSolutionNode = FALSE
	EndGlobalSection
EndGlobal
